// !$*UTF8*$!
{
	archiveVersion = 1;
	classes = {
	};
	objectVersion = 46;
	objects = {

/* Begin PBXBuildFile section */
		2B05CD8118FCB30000B97053 /* MLVenue.m in Sources */ = {isa = PBXBuildFile; fileRef = 2B05CD8018FCB30000B97053 /* MLVenue.m */; };
		2B05CD8618FCB3BA00B97053 /* MLLocationTableViewController.m in Sources */ = {isa = PBXBuildFile; fileRef = 2B05CD8518FCB3BA00B97053 /* MLLocationTableViewController.m */; };
		2B108FC418E66B6B00B165B7 /* MLTableViewCell.xib in Resources */ = {isa = PBXBuildFile; fileRef = 2B108FC318E66B6B00B165B7 /* MLTableViewCell.xib */; };
		2B25795518F203F4009271B5 /* MLChatRoomViewController.m in Sources */ = {isa = PBXBuildFile; fileRef = 2B25795418F203F4009271B5 /* MLChatRoomViewController.m */; };
		2B27860618C569E4008B12B9 /* MLProfileViewController.m in Sources */ = {isa = PBXBuildFile; fileRef = 2B27860518C569E4008B12B9 /* MLProfileViewController.m */; };
		2B30E24019731774001D2F02 /* chat_activated.png in Resources */ = {isa = PBXBuildFile; fileRef = 2B30E23619731774001D2F02 /* chat_activated.png */; };
		2B30E24119731774001D2F02 /* chat_unactivated.png in Resources */ = {isa = PBXBuildFile; fileRef = 2B30E23719731774001D2F02 /* chat_unactivated.png */; };
		2B30E24219731774001D2F02 /* gear_activated.png in Resources */ = {isa = PBXBuildFile; fileRef = 2B30E23819731774001D2F02 /* gear_activated.png */; };
		2B30E24319731774001D2F02 /* gear_unactivated.png in Resources */ = {isa = PBXBuildFile; fileRef = 2B30E23919731774001D2F02 /* gear_unactivated.png */; };
		2B30E24419731774001D2F02 /* interests_activated.png in Resources */ = {isa = PBXBuildFile; fileRef = 2B30E23A19731774001D2F02 /* interests_activated.png */; };
		2B30E24519731774001D2F02 /* interests_unactivated.png in Resources */ = {isa = PBXBuildFile; fileRef = 2B30E23B19731774001D2F02 /* interests_unactivated.png */; };
		2B30E24619731774001D2F02 /* invite_activated.png in Resources */ = {isa = PBXBuildFile; fileRef = 2B30E23C19731774001D2F02 /* invite_activated.png */; };
		2B30E24719731774001D2F02 /* invite_unactivated.png in Resources */ = {isa = PBXBuildFile; fileRef = 2B30E23D19731774001D2F02 /* invite_unactivated.png */; };
		2B30E24819731774001D2F02 /* whosaround_activated.png in Resources */ = {isa = PBXBuildFile; fileRef = 2B30E23E19731774001D2F02 /* whosaround_activated.png */; };
		2B30E24919731774001D2F02 /* whosaround_unactivated.png in Resources */ = {isa = PBXBuildFile; fileRef = 2B30E23F19731774001D2F02 /* whosaround_unactivated.png */; };
		2B30E2541973177F001D2F02 /* chat_activated@2x.png in Resources */ = {isa = PBXBuildFile; fileRef = 2B30E24A1973177F001D2F02 /* chat_activated@2x.png */; };
		2B30E2551973177F001D2F02 /* chat_unactivated@2x.png in Resources */ = {isa = PBXBuildFile; fileRef = 2B30E24B1973177F001D2F02 /* chat_unactivated@2x.png */; };
		2B30E2561973177F001D2F02 /* gear_activated@2x.png in Resources */ = {isa = PBXBuildFile; fileRef = 2B30E24C1973177F001D2F02 /* gear_activated@2x.png */; };
		2B30E2571973177F001D2F02 /* gear_unactivated@2x.png in Resources */ = {isa = PBXBuildFile; fileRef = 2B30E24D1973177F001D2F02 /* gear_unactivated@2x.png */; };
		2B30E2591973177F001D2F02 /* interests_unactivated@2x.png in Resources */ = {isa = PBXBuildFile; fileRef = 2B30E24F1973177F001D2F02 /* interests_unactivated@2x.png */; };
		2B30E25A1973177F001D2F02 /* invite_activated@2x.png in Resources */ = {isa = PBXBuildFile; fileRef = 2B30E2501973177F001D2F02 /* invite_activated@2x.png */; };
		2B30E25B1973177F001D2F02 /* invite_unactivated@2x.png in Resources */ = {isa = PBXBuildFile; fileRef = 2B30E2511973177F001D2F02 /* invite_unactivated@2x.png */; };
		2B30E25C1973177F001D2F02 /* whosaround_activated@2x.png in Resources */ = {isa = PBXBuildFile; fileRef = 2B30E2521973177F001D2F02 /* whosaround_activated@2x.png */; };
		2B30E25D1973177F001D2F02 /* whosaround_unactivated@2x.png in Resources */ = {isa = PBXBuildFile; fileRef = 2B30E2531973177F001D2F02 /* whosaround_unactivated@2x.png */; };
		2B30E25F19731C51001D2F02 /* interests_activated@2x.png in Resources */ = {isa = PBXBuildFile; fileRef = 2B30E25E19731C51001D2F02 /* interests_activated@2x.png */; };
		2B447F08197081CD00117EB7 /* MLTabBarViewController.m in Sources */ = {isa = PBXBuildFile; fileRef = 2B447F07197081CD00117EB7 /* MLTabBarViewController.m */; };
		2B45C8591990532600F96AE2 /* iphone4_load_screen.png in Resources */ = {isa = PBXBuildFile; fileRef = 2B45C8571990532600F96AE2 /* iphone4_load_screen.png */; };
		2B45C85A1990532600F96AE2 /* iphone5_load_screen.png in Resources */ = {isa = PBXBuildFile; fileRef = 2B45C8581990532600F96AE2 /* iphone5_load_screen.png */; };
		2B45FCBA1970D5D700C69357 /* hifi_logo_text_120pt_white.png in Resources */ = {isa = PBXBuildFile; fileRef = 2B45FCB71970D5D700C69357 /* hifi_logo_text_120pt_white.png */; };
		2B45FCBB1970D5D700C69357 /* iphone4_register_screen_2.png in Resources */ = {isa = PBXBuildFile; fileRef = 2B45FCB81970D5D700C69357 /* iphone4_register_screen_2.png */; };
		2B45FCBC1970D5D700C69357 /* iphone5_register_screen.png in Resources */ = {isa = PBXBuildFile; fileRef = 2B45FCB91970D5D700C69357 /* iphone5_register_screen.png */; };
		2B4F03C2190F3349002A4F8E /* placeholder.jpg in Resources */ = {isa = PBXBuildFile; fileRef = 2B4F03C1190F3349002A4F8E /* placeholder.jpg */; };
		2B4F31C918FDA20D00B72A1A /* MLCoreLocation.m in Sources */ = {isa = PBXBuildFile; fileRef = 2B4F31C818FDA20D00B72A1A /* MLCoreLocation.m */; };
		2B5183F418A17DCB0078CCFD /* MLRegistrationImageViewController.m in Sources */ = {isa = PBXBuildFile; fileRef = 2B5183F318A17DCB0078CCFD /* MLRegistrationImageViewController.m */; };
		2B81B85118E5E0A80035EDCC /* MLUserListTableViewCell.m in Sources */ = {isa = PBXBuildFile; fileRef = 2B81B85018E5E0A80035EDCC /* MLUserListTableViewCell.m */; };
		2B92126A189EE5B50041A154 /* CoreGraphics.framework in Frameworks */ = {isa = PBXBuildFile; fileRef = 2B921269189EE5B50041A154 /* CoreGraphics.framework */; };
		2B92126E189EE5B50041A154 /* CoreData.framework in Frameworks */ = {isa = PBXBuildFile; fileRef = 2B92126D189EE5B50041A154 /* CoreData.framework */; };
		2B921274189EE5B50041A154 /* InfoPlist.strings in Resources */ = {isa = PBXBuildFile; fileRef = 2B921272189EE5B50041A154 /* InfoPlist.strings */; };
		2B921276189EE5B50041A154 /* main.m in Sources */ = {isa = PBXBuildFile; fileRef = 2B921275189EE5B50041A154 /* main.m */; };
		2B92127A189EE5B50041A154 /* MLAppDelegate.m in Sources */ = {isa = PBXBuildFile; fileRef = 2B921279189EE5B50041A154 /* MLAppDelegate.m */; };
		2B92127D189EE5B50041A154 /* SocialLubrication.xcdatamodeld in Sources */ = {isa = PBXBuildFile; fileRef = 2B92127B189EE5B50041A154 /* SocialLubrication.xcdatamodeld */; };
		2B92127F189EE5B50041A154 /* Images.xcassets in Resources */ = {isa = PBXBuildFile; fileRef = 2B92127E189EE5B50041A154 /* Images.xcassets */; };
		2B921286189EE5B50041A154 /* XCTest.framework in Frameworks */ = {isa = PBXBuildFile; fileRef = 2B921285189EE5B50041A154 /* XCTest.framework */; };
		2B921287189EE5B50041A154 /* Foundation.framework in Frameworks */ = {isa = PBXBuildFile; fileRef = 2B921267189EE5B50041A154 /* Foundation.framework */; };
		2B921288189EE5B50041A154 /* UIKit.framework in Frameworks */ = {isa = PBXBuildFile; fileRef = 2B92126B189EE5B50041A154 /* UIKit.framework */; };
		2B921289189EE5B50041A154 /* CoreData.framework in Frameworks */ = {isa = PBXBuildFile; fileRef = 2B92126D189EE5B50041A154 /* CoreData.framework */; };
		2B921291189EE5B50041A154 /* InfoPlist.strings in Resources */ = {isa = PBXBuildFile; fileRef = 2B92128F189EE5B50041A154 /* InfoPlist.strings */; };
		2B921293189EE5B50041A154 /* SocialLubricationTests.m in Sources */ = {isa = PBXBuildFile; fileRef = 2B921292189EE5B50041A154 /* SocialLubricationTests.m */; };
		2B96E95919219D6000DD17A7 /* MLSettingsViewController.m in Sources */ = {isa = PBXBuildFile; fileRef = 2B96E95819219D6000DD17A7 /* MLSettingsViewController.m */; };
		2B99A9C9196DE04000336AD7 /* Foundation.framework in Frameworks */ = {isa = PBXBuildFile; fileRef = 2B921267189EE5B50041A154 /* Foundation.framework */; };
		2B99A9CB196DE04700336AD7 /* CFNetwork.framework in Frameworks */ = {isa = PBXBuildFile; fileRef = 2B99A9CA196DE04700336AD7 /* CFNetwork.framework */; };
		2B99A9CC196DE07500336AD7 /* UIKit.framework in Frameworks */ = {isa = PBXBuildFile; fileRef = 2B92126B189EE5B50041A154 /* UIKit.framework */; settings = {ATTRIBUTES = (Required, ); }; };
		2BA04A1B189EE8F1003B2869 /* SocialLubrication.storyboard in Resources */ = {isa = PBXBuildFile; fileRef = 2BA04A1A189EE8F1003B2869 /* SocialLubrication.storyboard */; };
		2BA04A1F189EE957003B2869 /* MLLoginViewController.m in Sources */ = {isa = PBXBuildFile; fileRef = 2BA04A1E189EE957003B2869 /* MLLoginViewController.m */; };
		2BD3BC5518B5614C00C0414C /* MLUser.m in Sources */ = {isa = PBXBuildFile; fileRef = 2BD3BC5418B5614C00C0414C /* MLUser.m */; };
		2BDBB8E818BE678400A650F0 /* MLPeopleViewController.m in Sources */ = {isa = PBXBuildFile; fileRef = 2BDBB8E718BE678400A650F0 /* MLPeopleViewController.m */; };
		2BDBB8EB18BE680100A650F0 /* MLInterestViewController.m in Sources */ = {isa = PBXBuildFile; fileRef = 2BDBB8EA18BE680100A650F0 /* MLInterestViewController.m */; };
		2BDBB8EF18BFBAF900A650F0 /* MLPatronsTableViewController.m in Sources */ = {isa = PBXBuildFile; fileRef = 2BDBB8EE18BFBAF900A650F0 /* MLPatronsTableViewController.m */; };
		2BE57AFF1918013000D9F3D0 /* MLChatTableViewController.m in Sources */ = {isa = PBXBuildFile; fileRef = 2BE57AFE1918013000D9F3D0 /* MLChatTableViewController.m */; };
		2BEE7E7618A043D600744AFC /* MLRegistrationUserInfoViewController.m in Sources */ = {isa = PBXBuildFile; fileRef = 2BEE7E7518A043D600744AFC /* MLRegistrationUserInfoViewController.m */; };
		45A4E92641384226AFC21BD8 /* libPods.a in Frameworks */ = {isa = PBXBuildFile; fileRef = 52B66014A602417EB60FDC1D /* libPods.a */; };
/* End PBXBuildFile section */

/* Begin PBXContainerItemProxy section */
		2B92128A189EE5B50041A154 /* PBXContainerItemProxy */ = {
			isa = PBXContainerItemProxy;
			containerPortal = 2B92125C189EE5B50041A154 /* Project object */;
			proxyType = 1;
			remoteGlobalIDString = 2B921263189EE5B50041A154;
			remoteInfo = SocialLubrication;
		};
/* End PBXContainerItemProxy section */

/* Begin PBXFileReference section */
		21E8D6AF7B5E4A2C9E980427 /* Pods.xcconfig */ = {isa = PBXFileReference; includeInIndex = 1; lastKnownFileType = text.xcconfig; name = Pods.xcconfig; path = Pods/Pods.xcconfig; sourceTree = "<group>"; };
		2B05CD7F18FCB30000B97053 /* MLVenue.h */ = {isa = PBXFileReference; fileEncoding = 4; lastKnownFileType = sourcecode.c.h; path = MLVenue.h; sourceTree = "<group>"; };
		2B05CD8018FCB30000B97053 /* MLVenue.m */ = {isa = PBXFileReference; fileEncoding = 4; lastKnownFileType = sourcecode.c.objc; path = MLVenue.m; sourceTree = "<group>"; };
		2B05CD8418FCB3BA00B97053 /* MLLocationTableViewController.h */ = {isa = PBXFileReference; fileEncoding = 4; lastKnownFileType = sourcecode.c.h; path = MLLocationTableViewController.h; sourceTree = "<group>"; };
		2B05CD8518FCB3BA00B97053 /* MLLocationTableViewController.m */ = {isa = PBXFileReference; fileEncoding = 4; lastKnownFileType = sourcecode.c.objc; path = MLLocationTableViewController.m; sourceTree = "<group>"; };
		2B108FC318E66B6B00B165B7 /* MLTableViewCell.xib */ = {isa = PBXFileReference; fileEncoding = 4; lastKnownFileType = file.xib; path = MLTableViewCell.xib; sourceTree = "<group>"; };
		2B25795318F203F4009271B5 /* MLChatRoomViewController.h */ = {isa = PBXFileReference; fileEncoding = 4; lastKnownFileType = sourcecode.c.h; path = MLChatRoomViewController.h; sourceTree = "<group>"; };
		2B25795418F203F4009271B5 /* MLChatRoomViewController.m */ = {isa = PBXFileReference; fileEncoding = 4; lastKnownFileType = sourcecode.c.objc; path = MLChatRoomViewController.m; sourceTree = "<group>"; };
		2B27860418C569E4008B12B9 /* MLProfileViewController.h */ = {isa = PBXFileReference; fileEncoding = 4; lastKnownFileType = sourcecode.c.h; path = MLProfileViewController.h; sourceTree = "<group>"; };
		2B27860518C569E4008B12B9 /* MLProfileViewController.m */ = {isa = PBXFileReference; fileEncoding = 4; lastKnownFileType = sourcecode.c.objc; path = MLProfileViewController.m; sourceTree = "<group>"; };
		2B30E23619731774001D2F02 /* chat_activated.png */ = {isa = PBXFileReference; lastKnownFileType = image.png; path = chat_activated.png; sourceTree = "<group>"; };
		2B30E23719731774001D2F02 /* chat_unactivated.png */ = {isa = PBXFileReference; lastKnownFileType = image.png; path = chat_unactivated.png; sourceTree = "<group>"; };
		2B30E23819731774001D2F02 /* gear_activated.png */ = {isa = PBXFileReference; lastKnownFileType = image.png; path = gear_activated.png; sourceTree = "<group>"; };
		2B30E23919731774001D2F02 /* gear_unactivated.png */ = {isa = PBXFileReference; lastKnownFileType = image.png; path = gear_unactivated.png; sourceTree = "<group>"; };
		2B30E23A19731774001D2F02 /* interests_activated.png */ = {isa = PBXFileReference; lastKnownFileType = image.png; path = interests_activated.png; sourceTree = "<group>"; };
		2B30E23B19731774001D2F02 /* interests_unactivated.png */ = {isa = PBXFileReference; lastKnownFileType = image.png; path = interests_unactivated.png; sourceTree = "<group>"; };
		2B30E23C19731774001D2F02 /* invite_activated.png */ = {isa = PBXFileReference; lastKnownFileType = image.png; path = invite_activated.png; sourceTree = "<group>"; };
		2B30E23D19731774001D2F02 /* invite_unactivated.png */ = {isa = PBXFileReference; lastKnownFileType = image.png; path = invite_unactivated.png; sourceTree = "<group>"; };
		2B30E23E19731774001D2F02 /* whosaround_activated.png */ = {isa = PBXFileReference; lastKnownFileType = image.png; path = whosaround_activated.png; sourceTree = "<group>"; };
		2B30E23F19731774001D2F02 /* whosaround_unactivated.png */ = {isa = PBXFileReference; lastKnownFileType = image.png; path = whosaround_unactivated.png; sourceTree = "<group>"; };
		2B30E24A1973177F001D2F02 /* chat_activated@2x.png */ = {isa = PBXFileReference; lastKnownFileType = image.png; path = "chat_activated@2x.png"; sourceTree = "<group>"; };
		2B30E24B1973177F001D2F02 /* chat_unactivated@2x.png */ = {isa = PBXFileReference; lastKnownFileType = image.png; path = "chat_unactivated@2x.png"; sourceTree = "<group>"; };
		2B30E24C1973177F001D2F02 /* gear_activated@2x.png */ = {isa = PBXFileReference; lastKnownFileType = image.png; path = "gear_activated@2x.png"; sourceTree = "<group>"; };
		2B30E24D1973177F001D2F02 /* gear_unactivated@2x.png */ = {isa = PBXFileReference; lastKnownFileType = image.png; path = "gear_unactivated@2x.png"; sourceTree = "<group>"; };
		2B30E24F1973177F001D2F02 /* interests_unactivated@2x.png */ = {isa = PBXFileReference; lastKnownFileType = image.png; path = "interests_unactivated@2x.png"; sourceTree = "<group>"; };
		2B30E2501973177F001D2F02 /* invite_activated@2x.png */ = {isa = PBXFileReference; lastKnownFileType = image.png; path = "invite_activated@2x.png"; sourceTree = "<group>"; };
		2B30E2511973177F001D2F02 /* invite_unactivated@2x.png */ = {isa = PBXFileReference; lastKnownFileType = image.png; path = "invite_unactivated@2x.png"; sourceTree = "<group>"; };
		2B30E2521973177F001D2F02 /* whosaround_activated@2x.png */ = {isa = PBXFileReference; lastKnownFileType = image.png; path = "whosaround_activated@2x.png"; sourceTree = "<group>"; };
		2B30E2531973177F001D2F02 /* whosaround_unactivated@2x.png */ = {isa = PBXFileReference; lastKnownFileType = image.png; path = "whosaround_unactivated@2x.png"; sourceTree = "<group>"; };
		2B30E25E19731C51001D2F02 /* interests_activated@2x.png */ = {isa = PBXFileReference; lastKnownFileType = image.png; path = "interests_activated@2x.png"; sourceTree = "<group>"; };
		2B447F06197081CD00117EB7 /* MLTabBarViewController.h */ = {isa = PBXFileReference; fileEncoding = 4; lastKnownFileType = sourcecode.c.h; path = MLTabBarViewController.h; sourceTree = "<group>"; };
		2B447F07197081CD00117EB7 /* MLTabBarViewController.m */ = {isa = PBXFileReference; fileEncoding = 4; lastKnownFileType = sourcecode.c.objc; path = MLTabBarViewController.m; sourceTree = "<group>"; };
		2B45C8571990532600F96AE2 /* iphone4_load_screen.png */ = {isa = PBXFileReference; lastKnownFileType = image.png; path = iphone4_load_screen.png; sourceTree = "<group>"; };
		2B45C8581990532600F96AE2 /* iphone5_load_screen.png */ = {isa = PBXFileReference; lastKnownFileType = image.png; path = iphone5_load_screen.png; sourceTree = "<group>"; };
		2B45FCB71970D5D700C69357 /* hifi_logo_text_120pt_white.png */ = {isa = PBXFileReference; lastKnownFileType = image.png; path = hifi_logo_text_120pt_white.png; sourceTree = "<group>"; };
		2B45FCB81970D5D700C69357 /* iphone4_register_screen_2.png */ = {isa = PBXFileReference; lastKnownFileType = image.png; path = iphone4_register_screen_2.png; sourceTree = "<group>"; };
		2B45FCB91970D5D700C69357 /* iphone5_register_screen.png */ = {isa = PBXFileReference; lastKnownFileType = image.png; path = iphone5_register_screen.png; sourceTree = "<group>"; };
		2B4F03C1190F3349002A4F8E /* placeholder.jpg */ = {isa = PBXFileReference; lastKnownFileType = image.jpeg; path = placeholder.jpg; sourceTree = "<group>"; };
		2B4F31C718FDA20D00B72A1A /* MLCoreLocation.h */ = {isa = PBXFileReference; fileEncoding = 4; lastKnownFileType = sourcecode.c.h; path = MLCoreLocation.h; sourceTree = "<group>"; };
		2B4F31C818FDA20D00B72A1A /* MLCoreLocation.m */ = {isa = PBXFileReference; fileEncoding = 4; lastKnownFileType = sourcecode.c.objc; path = MLCoreLocation.m; sourceTree = "<group>"; };
		2B5183F218A17DCB0078CCFD /* MLRegistrationImageViewController.h */ = {isa = PBXFileReference; fileEncoding = 4; lastKnownFileType = sourcecode.c.h; path = MLRegistrationImageViewController.h; sourceTree = "<group>"; };
		2B5183F318A17DCB0078CCFD /* MLRegistrationImageViewController.m */ = {isa = PBXFileReference; fileEncoding = 4; lastKnownFileType = sourcecode.c.objc; path = MLRegistrationImageViewController.m; sourceTree = "<group>"; };
		2B81B84F18E5E0A80035EDCC /* MLUserListTableViewCell.h */ = {isa = PBXFileReference; fileEncoding = 4; lastKnownFileType = sourcecode.c.h; path = MLUserListTableViewCell.h; sourceTree = "<group>"; };
		2B81B85018E5E0A80035EDCC /* MLUserListTableViewCell.m */ = {isa = PBXFileReference; fileEncoding = 4; lastKnownFileType = sourcecode.c.objc; path = MLUserListTableViewCell.m; sourceTree = "<group>"; };
		2B921264189EE5B50041A154 /* Hifi.app */ = {isa = PBXFileReference; explicitFileType = wrapper.application; includeInIndex = 0; path = Hifi.app; sourceTree = BUILT_PRODUCTS_DIR; };
		2B921267189EE5B50041A154 /* Foundation.framework */ = {isa = PBXFileReference; lastKnownFileType = wrapper.framework; name = Foundation.framework; path = System/Library/Frameworks/Foundation.framework; sourceTree = SDKROOT; };
		2B921269189EE5B50041A154 /* CoreGraphics.framework */ = {isa = PBXFileReference; lastKnownFileType = wrapper.framework; name = CoreGraphics.framework; path = System/Library/Frameworks/CoreGraphics.framework; sourceTree = SDKROOT; };
		2B92126B189EE5B50041A154 /* UIKit.framework */ = {isa = PBXFileReference; lastKnownFileType = wrapper.framework; name = UIKit.framework; path = System/Library/Frameworks/UIKit.framework; sourceTree = SDKROOT; };
		2B92126D189EE5B50041A154 /* CoreData.framework */ = {isa = PBXFileReference; lastKnownFileType = wrapper.framework; name = CoreData.framework; path = System/Library/Frameworks/CoreData.framework; sourceTree = SDKROOT; };
		2B921271189EE5B50041A154 /* SocialLubrication-Info.plist */ = {isa = PBXFileReference; lastKnownFileType = text.plist.xml; path = "SocialLubrication-Info.plist"; sourceTree = "<group>"; };
		2B921273189EE5B50041A154 /* en */ = {isa = PBXFileReference; lastKnownFileType = text.plist.strings; name = en; path = en.lproj/InfoPlist.strings; sourceTree = "<group>"; };
		2B921275189EE5B50041A154 /* main.m */ = {isa = PBXFileReference; lastKnownFileType = sourcecode.c.objc; path = main.m; sourceTree = "<group>"; };
		2B921277189EE5B50041A154 /* SocialLubrication-Prefix.pch */ = {isa = PBXFileReference; lastKnownFileType = sourcecode.c.h; path = "SocialLubrication-Prefix.pch"; sourceTree = "<group>"; };
		2B921278189EE5B50041A154 /* MLAppDelegate.h */ = {isa = PBXFileReference; lastKnownFileType = sourcecode.c.h; path = MLAppDelegate.h; sourceTree = "<group>"; };
		2B921279189EE5B50041A154 /* MLAppDelegate.m */ = {isa = PBXFileReference; lastKnownFileType = sourcecode.c.objc; path = MLAppDelegate.m; sourceTree = "<group>"; };
		2B92127C189EE5B50041A154 /* SocialLubrication.xcdatamodel */ = {isa = PBXFileReference; lastKnownFileType = wrapper.xcdatamodel; path = SocialLubrication.xcdatamodel; sourceTree = "<group>"; };
		2B92127E189EE5B50041A154 /* Images.xcassets */ = {isa = PBXFileReference; lastKnownFileType = folder.assetcatalog; path = Images.xcassets; sourceTree = "<group>"; };
		2B921284189EE5B50041A154 /* SocialLubricationTests.xctest */ = {isa = PBXFileReference; explicitFileType = wrapper.cfbundle; includeInIndex = 0; path = SocialLubricationTests.xctest; sourceTree = BUILT_PRODUCTS_DIR; };
		2B921285189EE5B50041A154 /* XCTest.framework */ = {isa = PBXFileReference; lastKnownFileType = wrapper.framework; name = XCTest.framework; path = Library/Frameworks/XCTest.framework; sourceTree = DEVELOPER_DIR; };
		2B92128E189EE5B50041A154 /* SocialLubricationTests-Info.plist */ = {isa = PBXFileReference; lastKnownFileType = text.plist.xml; path = "SocialLubricationTests-Info.plist"; sourceTree = "<group>"; };
		2B921290189EE5B50041A154 /* en */ = {isa = PBXFileReference; lastKnownFileType = text.plist.strings; name = en; path = en.lproj/InfoPlist.strings; sourceTree = "<group>"; };
		2B921292189EE5B50041A154 /* SocialLubricationTests.m */ = {isa = PBXFileReference; lastKnownFileType = sourcecode.c.objc; path = SocialLubricationTests.m; sourceTree = "<group>"; };
		2B96E95719219D6000DD17A7 /* MLSettingsViewController.h */ = {isa = PBXFileReference; fileEncoding = 4; lastKnownFileType = sourcecode.c.h; path = MLSettingsViewController.h; sourceTree = "<group>"; };
		2B96E95819219D6000DD17A7 /* MLSettingsViewController.m */ = {isa = PBXFileReference; fileEncoding = 4; lastKnownFileType = sourcecode.c.objc; path = MLSettingsViewController.m; sourceTree = "<group>"; };
		2B99A9CA196DE04700336AD7 /* CFNetwork.framework */ = {isa = PBXFileReference; lastKnownFileType = wrapper.framework; name = CFNetwork.framework; path = System/Library/Frameworks/CFNetwork.framework; sourceTree = SDKROOT; };
		2BA04A1A189EE8F1003B2869 /* SocialLubrication.storyboard */ = {isa = PBXFileReference; fileEncoding = 4; lastKnownFileType = file.storyboard; path = SocialLubrication.storyboard; sourceTree = "<group>"; };
		2BA04A1D189EE957003B2869 /* MLLoginViewController.h */ = {isa = PBXFileReference; fileEncoding = 4; lastKnownFileType = sourcecode.c.h; path = MLLoginViewController.h; sourceTree = "<group>"; };
		2BA04A1E189EE957003B2869 /* MLLoginViewController.m */ = {isa = PBXFileReference; fileEncoding = 4; lastKnownFileType = sourcecode.c.objc; path = MLLoginViewController.m; sourceTree = "<group>"; };
		2BD3BC5318B5614C00C0414C /* MLUser.h */ = {isa = PBXFileReference; fileEncoding = 4; lastKnownFileType = sourcecode.c.h; path = MLUser.h; sourceTree = "<group>"; };
		2BD3BC5418B5614C00C0414C /* MLUser.m */ = {isa = PBXFileReference; fileEncoding = 4; lastKnownFileType = sourcecode.c.objc; path = MLUser.m; sourceTree = "<group>"; };
		2BDBB8E618BE678400A650F0 /* MLPeopleViewController.h */ = {isa = PBXFileReference; fileEncoding = 4; lastKnownFileType = sourcecode.c.h; path = MLPeopleViewController.h; sourceTree = "<group>"; };
		2BDBB8E718BE678400A650F0 /* MLPeopleViewController.m */ = {isa = PBXFileReference; fileEncoding = 4; lastKnownFileType = sourcecode.c.objc; path = MLPeopleViewController.m; sourceTree = "<group>"; };
		2BDBB8E918BE680100A650F0 /* MLInterestViewController.h */ = {isa = PBXFileReference; fileEncoding = 4; lastKnownFileType = sourcecode.c.h; path = MLInterestViewController.h; sourceTree = "<group>"; };
		2BDBB8EA18BE680100A650F0 /* MLInterestViewController.m */ = {isa = PBXFileReference; fileEncoding = 4; lastKnownFileType = sourcecode.c.objc; path = MLInterestViewController.m; sourceTree = "<group>"; };
		2BDBB8ED18BFBAF900A650F0 /* MLPatronsTableViewController.h */ = {isa = PBXFileReference; fileEncoding = 4; lastKnownFileType = sourcecode.c.h; path = MLPatronsTableViewController.h; sourceTree = "<group>"; };
		2BDBB8EE18BFBAF900A650F0 /* MLPatronsTableViewController.m */ = {isa = PBXFileReference; fileEncoding = 4; lastKnownFileType = sourcecode.c.objc; path = MLPatronsTableViewController.m; sourceTree = "<group>"; };
		2BE57AFD1918013000D9F3D0 /* MLChatTableViewController.h */ = {isa = PBXFileReference; fileEncoding = 4; lastKnownFileType = sourcecode.c.h; path = MLChatTableViewController.h; sourceTree = "<group>"; };
		2BE57AFE1918013000D9F3D0 /* MLChatTableViewController.m */ = {isa = PBXFileReference; fileEncoding = 4; lastKnownFileType = sourcecode.c.objc; path = MLChatTableViewController.m; sourceTree = "<group>"; };
		2BEE7E7418A043D600744AFC /* MLRegistrationUserInfoViewController.h */ = {isa = PBXFileReference; fileEncoding = 4; lastKnownFileType = sourcecode.c.h; path = MLRegistrationUserInfoViewController.h; sourceTree = "<group>"; };
		2BEE7E7518A043D600744AFC /* MLRegistrationUserInfoViewController.m */ = {isa = PBXFileReference; fileEncoding = 4; lastKnownFileType = sourcecode.c.objc; path = MLRegistrationUserInfoViewController.m; sourceTree = "<group>"; };
		52B66014A602417EB60FDC1D /* libPods.a */ = {isa = PBXFileReference; explicitFileType = archive.ar; includeInIndex = 0; path = libPods.a; sourceTree = BUILT_PRODUCTS_DIR; };
/* End PBXFileReference section */

/* Begin PBXFrameworksBuildPhase section */
		2B921261189EE5B50041A154 /* Frameworks */ = {
			isa = PBXFrameworksBuildPhase;
			buildActionMask = 2147483647;
			files = (
				2B99A9CC196DE07500336AD7 /* UIKit.framework in Frameworks */,
				2B99A9C9196DE04000336AD7 /* Foundation.framework in Frameworks */,
				2B99A9CB196DE04700336AD7 /* CFNetwork.framework in Frameworks */,
				2B92126A189EE5B50041A154 /* CoreGraphics.framework in Frameworks */,
				2B92126E189EE5B50041A154 /* CoreData.framework in Frameworks */,
				45A4E92641384226AFC21BD8 /* libPods.a in Frameworks */,
			);
			runOnlyForDeploymentPostprocessing = 0;
		};
		2B921281189EE5B50041A154 /* Frameworks */ = {
			isa = PBXFrameworksBuildPhase;
			buildActionMask = 2147483647;
			files = (
				2B921286189EE5B50041A154 /* XCTest.framework in Frameworks */,
				2B921289189EE5B50041A154 /* CoreData.framework in Frameworks */,
				2B921288189EE5B50041A154 /* UIKit.framework in Frameworks */,
				2B921287189EE5B50041A154 /* Foundation.framework in Frameworks */,
			);
			runOnlyForDeploymentPostprocessing = 0;
		};
/* End PBXFrameworksBuildPhase section */

/* Begin PBXGroup section */
		2B05CD8218FCB30900B97053 /* Foursquare */ = {
			isa = PBXGroup;
			children = (
				2B05CD7F18FCB30000B97053 /* MLVenue.h */,
				2B05CD8018FCB30000B97053 /* MLVenue.m */,
			);
			name = Foursquare;
			sourceTree = "<group>";
		};
		2B05CD8318FCB39700B97053 /* Location */ = {
			isa = PBXGroup;
			children = (
				2B05CD8418FCB3BA00B97053 /* MLLocationTableViewController.h */,
				2B05CD8518FCB3BA00B97053 /* MLLocationTableViewController.m */,
			);
			name = Location;
			sourceTree = "<group>";
		};
		2B145DFB197BFB17001A0437 /* User Interests */ = {
			isa = PBXGroup;
			children = (
			);
			name = "User Interests";
			sourceTree = "<group>";
		};
		2B2785FC18C50062008B12B9 /* User Profile */ = {
			isa = PBXGroup;
			children = (
				2B27860418C569E4008B12B9 /* MLProfileViewController.h */,
				2B27860518C569E4008B12B9 /* MLProfileViewController.m */,
			);
			name = "User Profile";
			sourceTree = "<group>";
		};
		2B45C856199052F600F96AE2 /* Launch */ = {
			isa = PBXGroup;
			children = (
				2B45C8571990532600F96AE2 /* iphone4_load_screen.png */,
				2B45C8581990532600F96AE2 /* iphone5_load_screen.png */,
			);
			name = Launch;
			sourceTree = "<group>";
		};
		2B4F31C618FDA15900B72A1A /* Core Location */ = {
			isa = PBXGroup;
			children = (
				2B4F31C718FDA20D00B72A1A /* MLCoreLocation.h */,
				2B4F31C818FDA20D00B72A1A /* MLCoreLocation.m */,
			);
			name = "Core Location";
			sourceTree = "<group>";
		};
		2B81B85218E5E0B00035EDCC /* Custom Table Cell */ = {
			isa = PBXGroup;
			children = (
				2B81B84F18E5E0A80035EDCC /* MLUserListTableViewCell.h */,
				2B81B85018E5E0A80035EDCC /* MLUserListTableViewCell.m */,
				2B108FC318E66B6B00B165B7 /* MLTableViewCell.xib */,
			);
			name = "Custom Table Cell";
			sourceTree = "<group>";
		};
		2B92125B189EE5B50041A154 = {
			isa = PBXGroup;
			children = (
				2B92126F189EE5B50041A154 /* SocialLubrication */,
				2B92128C189EE5B50041A154 /* SocialLubricationTests */,
				2B921266189EE5B50041A154 /* Frameworks */,
				2B921265189EE5B50041A154 /* Products */,
				21E8D6AF7B5E4A2C9E980427 /* Pods.xcconfig */,
			);
			sourceTree = "<group>";
		};
		2B921265189EE5B50041A154 /* Products */ = {
			isa = PBXGroup;
			children = (
				2B921264189EE5B50041A154 /* Hifi.app */,
				2B921284189EE5B50041A154 /* SocialLubricationTests.xctest */,
			);
			name = Products;
			sourceTree = "<group>";
		};
		2B921266189EE5B50041A154 /* Frameworks */ = {
			isa = PBXGroup;
			children = (
				2B99A9CA196DE04700336AD7 /* CFNetwork.framework */,
				2B921267189EE5B50041A154 /* Foundation.framework */,
				2B921269189EE5B50041A154 /* CoreGraphics.framework */,
				2B92126B189EE5B50041A154 /* UIKit.framework */,
				2B92126D189EE5B50041A154 /* CoreData.framework */,
				2B921285189EE5B50041A154 /* XCTest.framework */,
				52B66014A602417EB60FDC1D /* libPods.a */,
			);
			name = Frameworks;
			sourceTree = "<group>";
		};
		2B92126F189EE5B50041A154 /* SocialLubrication */ = {
			isa = PBXGroup;
			children = (
				2BA04A1A189EE8F1003B2869 /* SocialLubrication.storyboard */,
				2B921278189EE5B50041A154 /* MLAppDelegate.h */,
				2B921279189EE5B50041A154 /* MLAppDelegate.m */,
				2B447F06197081CD00117EB7 /* MLTabBarViewController.h */,
				2B447F07197081CD00117EB7 /* MLTabBarViewController.m */,
				2BA04A1C189EE938003B2869 /* Login */,
				2BEE7E7018A0438400744AFC /* Registration */,
				2BEE7E7718A0639900744AFC /* Interest */,
				2B05CD8318FCB39700B97053 /* Location */,
				2BDBB8EC18BFBAC700A650F0 /* Available Users */,
				2BE57AFC1917FFC300D9F3D0 /* Chat Rooms */,
				2B2785FC18C50062008B12B9 /* User Profile */,
				2B96E95619219D1900DD17A7 /* Settings */,
				2B92127E189EE5B50041A154 /* Images.xcassets */,
				2B92127B189EE5B50041A154 /* SocialLubrication.xcdatamodeld */,
				2BC9C8FE18AAE6960034C753 /* Helper Classes */,
				2B921270189EE5B50041A154 /* Supporting Files */,
			);
			path = SocialLubrication;
			sourceTree = "<group>";
		};
		2B921270189EE5B50041A154 /* Supporting Files */ = {
			isa = PBXGroup;
			children = (
				2BE3F0DE197302C70062CC5E /* Images */,
				2BD31BA3197061BF00B57A10 /* Fonts */,
				2B4F31C618FDA15900B72A1A /* Core Location */,
				2B05CD8218FCB30900B97053 /* Foursquare */,
				2B81B85218E5E0B00035EDCC /* Custom Table Cell */,
				2B921271189EE5B50041A154 /* SocialLubrication-Info.plist */,
				2B921272189EE5B50041A154 /* InfoPlist.strings */,
				2B921275189EE5B50041A154 /* main.m */,
				2B921277189EE5B50041A154 /* SocialLubrication-Prefix.pch */,
			);
			name = "Supporting Files";
			sourceTree = "<group>";
		};
		2B92128C189EE5B50041A154 /* SocialLubricationTests */ = {
			isa = PBXGroup;
			children = (
				2B921292189EE5B50041A154 /* SocialLubricationTests.m */,
				2B92128D189EE5B50041A154 /* Supporting Files */,
			);
			path = SocialLubricationTests;
			sourceTree = "<group>";
		};
		2B92128D189EE5B50041A154 /* Supporting Files */ = {
			isa = PBXGroup;
			children = (
				2B92128E189EE5B50041A154 /* SocialLubricationTests-Info.plist */,
				2B92128F189EE5B50041A154 /* InfoPlist.strings */,
			);
			name = "Supporting Files";
			sourceTree = "<group>";
		};
		2B96E95619219D1900DD17A7 /* Settings */ = {
			isa = PBXGroup;
			children = (
				2B96E95719219D6000DD17A7 /* MLSettingsViewController.h */,
				2B96E95819219D6000DD17A7 /* MLSettingsViewController.m */,
			);
			name = Settings;
			sourceTree = "<group>";
		};
		2BA04A1C189EE938003B2869 /* Login */ = {
			isa = PBXGroup;
			children = (
				2BA04A1D189EE957003B2869 /* MLLoginViewController.h */,
				2BA04A1E189EE957003B2869 /* MLLoginViewController.m */,
			);
			name = Login;
			sourceTree = "<group>";
		};
		2BB3A65918C7B75E00420B3C /* Chat */ = {
			isa = PBXGroup;
			children = (
				2B25795318F203F4009271B5 /* MLChatRoomViewController.h */,
				2B25795418F203F4009271B5 /* MLChatRoomViewController.m */,
			);
			name = Chat;
			sourceTree = "<group>";
		};
		2BC9C8FE18AAE6960034C753 /* Helper Classes */ = {
			isa = PBXGroup;
			children = (
				2BD3BC5318B5614C00C0414C /* MLUser.h */,
				2BD3BC5418B5614C00C0414C /* MLUser.m */,
			);
			name = "Helper Classes";
			sourceTree = "<group>";
		};
		2BD31BA3197061BF00B57A10 /* Fonts */ = {
			isa = PBXGroup;
			children = (
			);
			name = Fonts;
			sourceTree = "<group>";
		};
		2BDBB8E518BE66E400A650F0 /* People */ = {
			isa = PBXGroup;
			children = (
				2BDBB8E618BE678400A650F0 /* MLPeopleViewController.h */,
				2BDBB8E718BE678400A650F0 /* MLPeopleViewController.m */,
			);
			name = People;
			sourceTree = "<group>";
		};
		2BDBB8EC18BFBAC700A650F0 /* Available Users */ = {
			isa = PBXGroup;
			children = (
				2BDBB8ED18BFBAF900A650F0 /* MLPatronsTableViewController.h */,
				2BDBB8EE18BFBAF900A650F0 /* MLPatronsTableViewController.m */,
				2BDBB8E518BE66E400A650F0 /* People */,
			);
			name = "Available Users";
			sourceTree = "<group>";
		};
		2BE3F0DE197302C70062CC5E /* Images */ = {
			isa = PBXGroup;
			children = (
				2B45C856199052F600F96AE2 /* Launch */,
				2B30E23619731774001D2F02 /* chat_activated.png */,
				2B30E23719731774001D2F02 /* chat_unactivated.png */,
				2B30E23819731774001D2F02 /* gear_activated.png */,
				2B30E23919731774001D2F02 /* gear_unactivated.png */,
				2B30E23A19731774001D2F02 /* interests_activated.png */,
				2B30E23B19731774001D2F02 /* interests_unactivated.png */,
				2B30E23C19731774001D2F02 /* invite_activated.png */,
				2B30E23D19731774001D2F02 /* invite_unactivated.png */,
				2B30E23E19731774001D2F02 /* whosaround_activated.png */,
				2B30E23F19731774001D2F02 /* whosaround_unactivated.png */,
				2B4F03C1190F3349002A4F8E /* placeholder.jpg */,
				2B45FCB71970D5D700C69357 /* hifi_logo_text_120pt_white.png */,
				2B45FCB81970D5D700C69357 /* iphone4_register_screen_2.png */,
				2BE3F0DF197302CC0062CC5E /* Retina */,
			);
			name = Images;
			sourceTree = "<group>";
		};
		2BE3F0DF197302CC0062CC5E /* Retina */ = {
			isa = PBXGroup;
			children = (
				2B30E24A1973177F001D2F02 /* chat_activated@2x.png */,
				2B30E24B1973177F001D2F02 /* chat_unactivated@2x.png */,
				2B30E24C1973177F001D2F02 /* gear_activated@2x.png */,
				2B30E24D1973177F001D2F02 /* gear_unactivated@2x.png */,
				2B30E25E19731C51001D2F02 /* interests_activated@2x.png */,
				2B30E24F1973177F001D2F02 /* interests_unactivated@2x.png */,
				2B30E2501973177F001D2F02 /* invite_activated@2x.png */,
				2B30E2511973177F001D2F02 /* invite_unactivated@2x.png */,
				2B30E2521973177F001D2F02 /* whosaround_activated@2x.png */,
				2B30E2531973177F001D2F02 /* whosaround_unactivated@2x.png */,
				2B45FCB91970D5D700C69357 /* iphone5_register_screen.png */,
			);
			name = Retina;
			sourceTree = "<group>";
		};
		2BE57AFC1917FFC300D9F3D0 /* Chat Rooms */ = {
			isa = PBXGroup;
			children = (
				2BE57AFD1918013000D9F3D0 /* MLChatTableViewController.h */,
				2BE57AFE1918013000D9F3D0 /* MLChatTableViewController.m */,
				2BB3A65918C7B75E00420B3C /* Chat */,
			);
			name = "Chat Rooms";
			sourceTree = "<group>";
		};
		2BEE7E7018A0438400744AFC /* Registration */ = {
			isa = PBXGroup;
			children = (
				2BEE7E7118A0439200744AFC /* User Information */,
				2B145DFB197BFB17001A0437 /* User Interests */,
				2BEE7E7218A043A000744AFC /* User Image */,
			);
			name = Registration;
			sourceTree = "<group>";
		};
		2BEE7E7118A0439200744AFC /* User Information */ = {
			isa = PBXGroup;
			children = (
				2BEE7E7418A043D600744AFC /* MLRegistrationUserInfoViewController.h */,
				2BEE7E7518A043D600744AFC /* MLRegistrationUserInfoViewController.m */,
			);
			name = "User Information";
			sourceTree = "<group>";
		};
		2BEE7E7218A043A000744AFC /* User Image */ = {
			isa = PBXGroup;
			children = (
				2B5183F218A17DCB0078CCFD /* MLRegistrationImageViewController.h */,
				2B5183F318A17DCB0078CCFD /* MLRegistrationImageViewController.m */,
			);
			name = "User Image";
			sourceTree = "<group>";
		};
		2BEE7E7718A0639900744AFC /* Interest */ = {
			isa = PBXGroup;
			children = (
				2BDBB8E918BE680100A650F0 /* MLInterestViewController.h */,
				2BDBB8EA18BE680100A650F0 /* MLInterestViewController.m */,
			);
			name = Interest;
			sourceTree = "<group>";
		};
/* End PBXGroup section */

/* Begin PBXNativeTarget section */
		2B921263189EE5B50041A154 /* SocialLubrication */ = {
			isa = PBXNativeTarget;
			buildConfigurationList = 2B921296189EE5B50041A154 /* Build configuration list for PBXNativeTarget "SocialLubrication" */;
			buildPhases = (
				E2521CF134E94FB4B52C26A6 /* Check Pods Manifest.lock */,
				2B921260189EE5B50041A154 /* Sources */,
				2B921261189EE5B50041A154 /* Frameworks */,
				2B921262189EE5B50041A154 /* Resources */,
				FD5FE25331A146D0BD8ADDDA /* Copy Pods Resources */,
			);
			buildRules = (
			);
			dependencies = (
			);
			name = SocialLubrication;
			productName = SocialLubrication;
			productReference = 2B921264189EE5B50041A154 /* Hifi.app */;
			productType = "com.apple.product-type.application";
		};
		2B921283189EE5B50041A154 /* SocialLubricationTests */ = {
			isa = PBXNativeTarget;
			buildConfigurationList = 2B921299189EE5B50041A154 /* Build configuration list for PBXNativeTarget "SocialLubricationTests" */;
			buildPhases = (
				2B921280189EE5B50041A154 /* Sources */,
				2B921281189EE5B50041A154 /* Frameworks */,
				2B921282189EE5B50041A154 /* Resources */,
			);
			buildRules = (
			);
			dependencies = (
				2B92128B189EE5B50041A154 /* PBXTargetDependency */,
			);
			name = SocialLubricationTests;
			productName = SocialLubricationTests;
			productReference = 2B921284189EE5B50041A154 /* SocialLubricationTests.xctest */;
			productType = "com.apple.product-type.bundle.unit-test";
		};
/* End PBXNativeTarget section */

/* Begin PBXProject section */
		2B92125C189EE5B50041A154 /* Project object */ = {
			isa = PBXProject;
			attributes = {
				CLASSPREFIX = ML;
				LastUpgradeCheck = 0510;
				ORGANIZATIONNAME = "Mazag Labs";
				TargetAttributes = {
					2B921263189EE5B50041A154 = {
						DevelopmentTeam = 7U8A938C4Z;
					};
					2B921283189EE5B50041A154 = {
						TestTargetID = 2B921263189EE5B50041A154;
					};
				};
			};
			buildConfigurationList = 2B92125F189EE5B50041A154 /* Build configuration list for PBXProject "SocialLubrication" */;
			compatibilityVersion = "Xcode 3.2";
			developmentRegion = English;
			hasScannedForEncodings = 0;
			knownRegions = (
				en,
			);
			mainGroup = 2B92125B189EE5B50041A154;
			productRefGroup = 2B921265189EE5B50041A154 /* Products */;
			projectDirPath = "";
			projectRoot = "";
			targets = (
				2B921263189EE5B50041A154 /* SocialLubrication */,
				2B921283189EE5B50041A154 /* SocialLubricationTests */,
			);
		};
/* End PBXProject section */

/* Begin PBXResourcesBuildPhase section */
		2B921262189EE5B50041A154 /* Resources */ = {
			isa = PBXResourcesBuildPhase;
			buildActionMask = 2147483647;
			files = (
				2B30E24219731774001D2F02 /* gear_activated.png in Resources */,
				2B30E24319731774001D2F02 /* gear_unactivated.png in Resources */,
				2B108FC418E66B6B00B165B7 /* MLTableViewCell.xib in Resources */,
				2B30E2541973177F001D2F02 /* chat_activated@2x.png in Resources */,
				2B45FCBC1970D5D700C69357 /* iphone5_register_screen.png in Resources */,
				2B30E24919731774001D2F02 /* whosaround_unactivated.png in Resources */,
				2B30E24119731774001D2F02 /* chat_unactivated.png in Resources */,
				2B45FCBA1970D5D700C69357 /* hifi_logo_text_120pt_white.png in Resources */,
				2B30E2571973177F001D2F02 /* gear_unactivated@2x.png in Resources */,
				2B30E24519731774001D2F02 /* interests_unactivated.png in Resources */,
				2B30E25C1973177F001D2F02 /* whosaround_activated@2x.png in Resources */,
				2B30E25B1973177F001D2F02 /* invite_unactivated@2x.png in Resources */,
				2B30E24619731774001D2F02 /* invite_activated.png in Resources */,
				2B30E2561973177F001D2F02 /* gear_activated@2x.png in Resources */,
				2B30E24419731774001D2F02 /* interests_activated.png in Resources */,
				2B30E25D1973177F001D2F02 /* whosaround_unactivated@2x.png in Resources */,
				2B921274189EE5B50041A154 /* InfoPlist.strings in Resources */,
				2B92127F189EE5B50041A154 /* Images.xcassets in Resources */,
				2B4F03C2190F3349002A4F8E /* placeholder.jpg in Resources */,
				2BA04A1B189EE8F1003B2869 /* SocialLubrication.storyboard in Resources */,
				2B30E25F19731C51001D2F02 /* interests_activated@2x.png in Resources */,
				2B30E2591973177F001D2F02 /* interests_unactivated@2x.png in Resources */,
				2B30E2551973177F001D2F02 /* chat_unactivated@2x.png in Resources */,
				2B30E24819731774001D2F02 /* whosaround_activated.png in Resources */,
				2B45C8591990532600F96AE2 /* iphone4_load_screen.png in Resources */,
				2B45FCBB1970D5D700C69357 /* iphone4_register_screen_2.png in Resources */,
				2B30E24019731774001D2F02 /* chat_activated.png in Resources */,
				2B30E24719731774001D2F02 /* invite_unactivated.png in Resources */,
				2B45C85A1990532600F96AE2 /* iphone5_load_screen.png in Resources */,
				2B30E25A1973177F001D2F02 /* invite_activated@2x.png in Resources */,
			);
			runOnlyForDeploymentPostprocessing = 0;
		};
		2B921282189EE5B50041A154 /* Resources */ = {
			isa = PBXResourcesBuildPhase;
			buildActionMask = 2147483647;
			files = (
				2B921291189EE5B50041A154 /* InfoPlist.strings in Resources */,
			);
			runOnlyForDeploymentPostprocessing = 0;
		};
/* End PBXResourcesBuildPhase section */

/* Begin PBXShellScriptBuildPhase section */
		E2521CF134E94FB4B52C26A6 /* Check Pods Manifest.lock */ = {
			isa = PBXShellScriptBuildPhase;
			buildActionMask = 2147483647;
			files = (
			);
			inputPaths = (
			);
			name = "Check Pods Manifest.lock";
			outputPaths = (
			);
			runOnlyForDeploymentPostprocessing = 0;
			shellPath = /bin/sh;
			shellScript = "diff \"${PODS_ROOT}/../Podfile.lock\" \"${PODS_ROOT}/Manifest.lock\" > /dev/null\nif [[ $? != 0 ]] ; then\n    cat << EOM\nerror: The sandbox is not in sync with the Podfile.lock. Run 'pod install' or update your CocoaPods installation.\nEOM\n    exit 1\nfi\n";
			showEnvVarsInLog = 0;
		};
		FD5FE25331A146D0BD8ADDDA /* Copy Pods Resources */ = {
			isa = PBXShellScriptBuildPhase;
			buildActionMask = 2147483647;
			files = (
			);
			inputPaths = (
			);
			name = "Copy Pods Resources";
			outputPaths = (
			);
			runOnlyForDeploymentPostprocessing = 0;
			shellPath = /bin/sh;
			shellScript = "\"${SRCROOT}/Pods/Pods-resources.sh\"\n";
			showEnvVarsInLog = 0;
		};
/* End PBXShellScriptBuildPhase section */

/* Begin PBXSourcesBuildPhase section */
		2B921260189EE5B50041A154 /* Sources */ = {
			isa = PBXSourcesBuildPhase;
			buildActionMask = 2147483647;
			files = (
				2BDBB8EF18BFBAF900A650F0 /* MLPatronsTableViewController.m in Sources */,
				2B92127D189EE5B50041A154 /* SocialLubrication.xcdatamodeld in Sources */,
				2BEE7E7618A043D600744AFC /* MLRegistrationUserInfoViewController.m in Sources */,
				2BD3BC5518B5614C00C0414C /* MLUser.m in Sources */,
				2B921276189EE5B50041A154 /* main.m in Sources */,
				2B27860618C569E4008B12B9 /* MLProfileViewController.m in Sources */,
				2B4F31C918FDA20D00B72A1A /* MLCoreLocation.m in Sources */,
				2B05CD8118FCB30000B97053 /* MLVenue.m in Sources */,
				2B96E95919219D6000DD17A7 /* MLSettingsViewController.m in Sources */,
				2BDBB8E818BE678400A650F0 /* MLPeopleViewController.m in Sources */,
				2B92127A189EE5B50041A154 /* MLAppDelegate.m in Sources */,
				2B447F08197081CD00117EB7 /* MLTabBarViewController.m in Sources */,
				2B25795518F203F4009271B5 /* MLChatRoomViewController.m in Sources */,
				2BE57AFF1918013000D9F3D0 /* MLChatTableViewController.m in Sources */,
				2BDBB8EB18BE680100A650F0 /* MLInterestViewController.m in Sources */,
				2BA04A1F189EE957003B2869 /* MLLoginViewController.m in Sources */,
				2B05CD8618FCB3BA00B97053 /* MLLocationTableViewController.m in Sources */,
				2B5183F418A17DCB0078CCFD /* MLRegistrationImageViewController.m in Sources */,
				2B81B85118E5E0A80035EDCC /* MLUserListTableViewCell.m in Sources */,
			);
			runOnlyForDeploymentPostprocessing = 0;
		};
		2B921280189EE5B50041A154 /* Sources */ = {
			isa = PBXSourcesBuildPhase;
			buildActionMask = 2147483647;
			files = (
				2B921293189EE5B50041A154 /* SocialLubricationTests.m in Sources */,
			);
			runOnlyForDeploymentPostprocessing = 0;
		};
/* End PBXSourcesBuildPhase section */

/* Begin PBXTargetDependency section */
		2B92128B189EE5B50041A154 /* PBXTargetDependency */ = {
			isa = PBXTargetDependency;
			target = 2B921263189EE5B50041A154 /* SocialLubrication */;
			targetProxy = 2B92128A189EE5B50041A154 /* PBXContainerItemProxy */;
		};
/* End PBXTargetDependency section */

/* Begin PBXVariantGroup section */
		2B921272189EE5B50041A154 /* InfoPlist.strings */ = {
			isa = PBXVariantGroup;
			children = (
				2B921273189EE5B50041A154 /* en */,
			);
			name = InfoPlist.strings;
			sourceTree = "<group>";
		};
		2B92128F189EE5B50041A154 /* InfoPlist.strings */ = {
			isa = PBXVariantGroup;
			children = (
				2B921290189EE5B50041A154 /* en */,
			);
			name = InfoPlist.strings;
			sourceTree = "<group>";
		};
/* End PBXVariantGroup section */

/* Begin XCBuildConfiguration section */
		2B921294189EE5B50041A154 /* Debug */ = {
			isa = XCBuildConfiguration;
			buildSettings = {
				ALWAYS_SEARCH_USER_PATHS = NO;
				ARCHS = "$(ARCHS_STANDARD_INCLUDING_64_BIT)";
				CLANG_CXX_LANGUAGE_STANDARD = "gnu++0x";
				CLANG_CXX_LIBRARY = "libc++";
				CLANG_ENABLE_MODULES = YES;
				CLANG_ENABLE_OBJC_ARC = YES;
				CLANG_WARN_BOOL_CONVERSION = YES;
				CLANG_WARN_CONSTANT_CONVERSION = YES;
				CLANG_WARN_DIRECT_OBJC_ISA_USAGE = YES_ERROR;
				CLANG_WARN_EMPTY_BODY = YES;
				CLANG_WARN_ENUM_CONVERSION = YES;
				CLANG_WARN_INT_CONVERSION = YES;
				CLANG_WARN_OBJC_ROOT_CLASS = YES_ERROR;
				CLANG_WARN__DUPLICATE_METHOD_MATCH = YES;
				"CODE_SIGN_IDENTITY[sdk=iphoneos*]" = "iPhone Developer";
				COPY_PHASE_STRIP = NO;
				GCC_C_LANGUAGE_STANDARD = gnu99;
				GCC_DYNAMIC_NO_PIC = NO;
				GCC_OPTIMIZATION_LEVEL = 0;
				GCC_PREPROCESSOR_DEFINITIONS = (
					"DEBUG=1",
					"$(inherited)",
				);
				GCC_SYMBOLS_PRIVATE_EXTERN = NO;
				GCC_WARN_64_TO_32_BIT_CONVERSION = YES;
				GCC_WARN_ABOUT_RETURN_TYPE = YES_ERROR;
				GCC_WARN_UNDECLARED_SELECTOR = YES;
				GCC_WARN_UNINITIALIZED_AUTOS = YES;
				GCC_WARN_UNUSED_FUNCTION = YES;
				GCC_WARN_UNUSED_VARIABLE = YES;
				IPHONEOS_DEPLOYMENT_TARGET = 7.0;
				ONLY_ACTIVE_ARCH = YES;
				SDKROOT = iphoneos;
			};
			name = Debug;
		};
		2B921295189EE5B50041A154 /* Release */ = {
			isa = XCBuildConfiguration;
			buildSettings = {
				ALWAYS_SEARCH_USER_PATHS = NO;
				ARCHS = "$(ARCHS_STANDARD_INCLUDING_64_BIT)";
				CLANG_CXX_LANGUAGE_STANDARD = "gnu++0x";
				CLANG_CXX_LIBRARY = "libc++";
				CLANG_ENABLE_MODULES = YES;
				CLANG_ENABLE_OBJC_ARC = YES;
				CLANG_WARN_BOOL_CONVERSION = YES;
				CLANG_WARN_CONSTANT_CONVERSION = YES;
				CLANG_WARN_DIRECT_OBJC_ISA_USAGE = YES_ERROR;
				CLANG_WARN_EMPTY_BODY = YES;
				CLANG_WARN_ENUM_CONVERSION = YES;
				CLANG_WARN_INT_CONVERSION = YES;
				CLANG_WARN_OBJC_ROOT_CLASS = YES_ERROR;
				CLANG_WARN__DUPLICATE_METHOD_MATCH = YES;
				"CODE_SIGN_IDENTITY[sdk=iphoneos*]" = "iPhone Developer";
				COPY_PHASE_STRIP = YES;
				ENABLE_NS_ASSERTIONS = NO;
				GCC_C_LANGUAGE_STANDARD = gnu99;
				GCC_WARN_64_TO_32_BIT_CONVERSION = YES;
				GCC_WARN_ABOUT_RETURN_TYPE = YES_ERROR;
				GCC_WARN_UNDECLARED_SELECTOR = YES;
				GCC_WARN_UNINITIALIZED_AUTOS = YES;
				GCC_WARN_UNUSED_FUNCTION = YES;
				GCC_WARN_UNUSED_VARIABLE = YES;
				IPHONEOS_DEPLOYMENT_TARGET = 7.0;
				SDKROOT = iphoneos;
				VALIDATE_PRODUCT = YES;
			};
			name = Release;
		};
		2B921297189EE5B50041A154 /* Debug */ = {
			isa = XCBuildConfiguration;
			baseConfigurationReference = 21E8D6AF7B5E4A2C9E980427 /* Pods.xcconfig */;
			buildSettings = {
				ASSETCATALOG_COMPILER_APPICON_NAME = AppIcon;
				ASSETCATALOG_COMPILER_LAUNCHIMAGE_NAME = LaunchImage;
				CODE_SIGN_IDENTITY = "iPhone Developer";
				"CODE_SIGN_IDENTITY[sdk=*]" = "iPhone Developer";
				"CODE_SIGN_IDENTITY[sdk=iphoneos*]" = "iPhone Developer";
				GCC_PRECOMPILE_PREFIX_HEADER = YES;
				GCC_PREFIX_HEADER = "SocialLubrication/SocialLubrication-Prefix.pch";
				INFOPLIST_FILE = "SocialLubrication/SocialLubrication-Info.plist";
				IPHONEOS_DEPLOYMENT_TARGET = 7.0;
				ONLY_ACTIVE_ARCH = YES;
				PRODUCT_NAME = Hifi;
				SDKROOT = iphoneos;
				TARGETED_DEVICE_FAMILY = "1,2";
				WRAPPER_EXTENSION = app;
			};
			name = Debug;
		};
		2B921298189EE5B50041A154 /* Release */ = {
			isa = XCBuildConfiguration;
			baseConfigurationReference = 21E8D6AF7B5E4A2C9E980427 /* Pods.xcconfig */;
			buildSettings = {
				ASSETCATALOG_COMPILER_APPICON_NAME = AppIcon;
				ASSETCATALOG_COMPILER_LAUNCHIMAGE_NAME = LaunchImage;
				CODE_SIGN_IDENTITY = "";
				GCC_PRECOMPILE_PREFIX_HEADER = YES;
				GCC_PREFIX_HEADER = "SocialLubrication/SocialLubrication-Prefix.pch";
				INFOPLIST_FILE = "SocialLubrication/SocialLubrication-Info.plist";
				IPHONEOS_DEPLOYMENT_TARGET = 7.0;
				PRODUCT_NAME = Hifi;
				SDKROOT = iphoneos;
				TARGETED_DEVICE_FAMILY = "1,2";
				WRAPPER_EXTENSION = app;
			};
			name = Release;
		};
		2B92129A189EE5B50041A154 /* Debug */ = {
			isa = XCBuildConfiguration;
			buildSettings = {
				ARCHS = "$(ARCHS_STANDARD_INCLUDING_64_BIT)";
				BUNDLE_LOADER = "$(BUILT_PRODUCTS_DIR)/SocialLubrication.app/SocialLubrication";
				FRAMEWORK_SEARCH_PATHS = (
					"$(SDKROOT)/Developer/Library/Frameworks",
					"$(inherited)",
					"$(DEVELOPER_FRAMEWORKS_DIR)",
				);
				GCC_PRECOMPILE_PREFIX_HEADER = YES;
				GCC_PREFIX_HEADER = "SocialLubrication/SocialLubrication-Prefix.pch";
				GCC_PREPROCESSOR_DEFINITIONS = (
					"DEBUG=1",
					"$(inherited)",
				);
				INFOPLIST_FILE = "SocialLubricationTests/SocialLubricationTests-Info.plist";
				PRODUCT_NAME = "$(TARGET_NAME)";
				TEST_HOST = "$(BUNDLE_LOADER)";
				WRAPPER_EXTENSION = xctest;
			};
			name = Debug;
		};
		2B92129B189EE5B50041A154 /* Release */ = {
			isa = XCBuildConfiguration;
			buildSettings = {
				ARCHS = "$(ARCHS_STANDARD_INCLUDING_64_BIT)";
				BUNDLE_LOADER = "$(BUILT_PRODUCTS_DIR)/SocialLubrication.app/SocialLubrication";
				FRAMEWORK_SEARCH_PATHS = (
					"$(SDKROOT)/Developer/Library/Frameworks",
					"$(inherited)",
					"$(DEVELOPER_FRAMEWORKS_DIR)",
				);
				GCC_PRECOMPILE_PREFIX_HEADER = YES;
				GCC_PREFIX_HEADER = "SocialLubrication/SocialLubrication-Prefix.pch";
				INFOPLIST_FILE = "SocialLubricationTests/SocialLubricationTests-Info.plist";
				PRODUCT_NAME = "$(TARGET_NAME)";
				TEST_HOST = "$(BUNDLE_LOADER)";
				WRAPPER_EXTENSION = xctest;
			};
			name = Release;
		};
/* End XCBuildConfiguration section */

/* Begin XCConfigurationList section */
		2B92125F189EE5B50041A154 /* Build configuration list for PBXProject "SocialLubrication" */ = {
			isa = XCConfigurationList;
			buildConfigurations = (
				2B921294189EE5B50041A154 /* Debug */,
				2B921295189EE5B50041A154 /* Release */,
			);
			defaultConfigurationIsVisible = 0;
			defaultConfigurationName = Release;
		};
		2B921296189EE5B50041A154 /* Build configuration list for PBXNativeTarget "SocialLubrication" */ = {
			isa = XCConfigurationList;
			buildConfigurations = (
				2B921297189EE5B50041A154 /* Debug */,
				2B921298189EE5B50041A154 /* Release */,
			);
			defaultConfigurationIsVisible = 0;
			defaultConfigurationName = Release;
		};
		2B921299189EE5B50041A154 /* Build configuration list for PBXNativeTarget "SocialLubricationTests" */ = {
			isa = XCConfigurationList;
			buildConfigurations = (
				2B92129A189EE5B50041A154 /* Debug */,
				2B92129B189EE5B50041A154 /* Release */,
			);
			defaultConfigurationIsVisible = 0;
			defaultConfigurationName = Release;
		};
/* End XCConfigurationList section */

/* Begin XCVersionGroup section */
		2B92127B189EE5B50041A154 /* SocialLubrication.xcdatamodeld */ = {
			isa = XCVersionGroup;
			children = (
				2B92127C189EE5B50041A154 /* SocialLubrication.xcdatamodel */,
			);
			currentVersion = 2B92127C189EE5B50041A154 /* SocialLubrication.xcdatamodel */;
			path = SocialLubrication.xcdatamodeld;
			sourceTree = "<group>";
			versionGroupType = wrapper.xcdatamodel;
		};
/* End XCVersionGroup section */
	};
	rootObject = 2B92125C189EE5B50041A154 /* Project object */;
}
